
Microsoft Visual Studio Solution File, Format Version 12.00
# Visual Studio Version 16
VisualStudioVersion = 16.0.30621.155
MinimumVisualStudioVersion = 10.0.40219.1
Project("{FAE04EC0-301F-11D3-BF4B-00C04F79EFBC}") = "NeTypeChecker", "NeTypeChecker.csproj", "{FE735842-F89F-42FA-9676-4DACA0D06105}"
EndProject
Global
	GlobalSection(SolutionConfigurationPlatforms) = preSolution
		Debug|Any CPU = Debug|Any CPU
		Release|Any CPU = Release|Any CPU
	EndGlobalSection
	GlobalSection(ProjectConfigurationPlatforms) = postSolution
		{FE735842-F89F-42FA-9676-4DACA0D06105}.Debug|Any CPU.ActiveCfg = Debug|Any CPU
		{FE735842-F89F-42FA-9676-4DACA0D06105}.Debug|Any CPU.Build.0 = Debug|Any CPU
		{FE735842-F89F-42FA-9676-4DACA0D06105}.Release|Any CPU.ActiveCfg = Release|Any CPU
		{FE735842-F89F-42FA-9676-4DACA0D06105}.Release|Any CPU.Build.0 = Release|Any CPU
	EndGlobalSection
	GlobalSection(SolutionProperties) = preSolution
		HideSolutionNode = FALSE
	EndGlobalSection
	GlobalSection(ExtensibilityGlobals) = postSolution
		SolutionGuid = {B64A4251-731E-4785-9B4A-CEB98177D0F8}
	EndGlobalSection
EndGlobal
